{
  "name": "tickethack",
  "version": "1.0.0",
  "lockfileVersion": 3,
  "requires": true,
  "packages": {
    "": {
      "name": "tickethack",
      "version": "1.0.0",
      "dependencies": {
        "moment": "^2.29.3",
        "moment-random": "^1.1.0"
      }
    },
    "node_modules/moment": {
      "version": "2.30.1",
      "resolved": "https://registry.npmjs.org/moment/-/moment-2.30.1.tgz",
      "integrity": "sha512-uEmtNhbDOrWPFS+hdjFCBfy9f2YoyzRpwcl+DqpC6taX21FzsTLQVbMV/W7PzNSX6x/bhC1zA3c2UQ5NzH6how==",
      "license": "MIT",
      "engines": {
        "node": "*"
      }
    },
    "node_modules/moment-random": {
      "version": "1.1.0",
      "resolved": "https://registry.npmjs.org/moment-random/-/moment-random-1.1.0.tgz",
      "integrity": "sha512-BKHOzlsNZ5H30SZWynnhXhwTgEwbhdKdeBGeOn7WTaMhIq4kzbJR7B2yL2ECiu21x7jPstdF57flfqkJ0Bql8A==",
      "license": "MIT",
      "peerDependencies": {
        "moment": ">= 2"
      }
    }
  }
}
